
Microsoft Visual Studio Solution File, Format Version 12.00
# Visual Studio Version 17
VisualStudioVersion = 17.3.32901.215
MinimumVisualStudioVersion = 10.0.40219.1
Project("{FAE04EC0-301F-11D3-BF4B-00C04F79EFBC}") = "PriceHunterService", "PriceHunterService.csproj", "{AFB22023-6A57-46E2-9067-3087DF15249E}"
EndProject
Global
	GlobalSection(SolutionConfigurationPlatforms) = preSolution
		Debug|Any CPU = Debug|Any CPU
		Release|Any CPU = Release|Any CPU
	EndGlobalSection
	GlobalSection(ProjectConfigurationPlatforms) = postSolution
		{AFB22023-6A57-46E2-9067-3087DF15249E}.Debug|Any CPU.ActiveCfg = Debug|Any CPU
		{AFB22023-6A57-46E2-9067-3087DF15249E}.Debug|Any CPU.Build.0 = Debug|Any CPU
		{AFB22023-6A57-46E2-9067-3087DF15249E}.Release|Any CPU.ActiveCfg = Release|Any CPU
		{AFB22023-6A57-46E2-9067-3087DF15249E}.Release|Any CPU.Build.0 = Release|Any CPU
	EndGlobalSection
	GlobalSection(SolutionProperties) = preSolution
		HideSolutionNode = FALSE
	EndGlobalSection
	GlobalSection(ExtensibilityGlobals) = postSolution
		SolutionGuid = {D0324142-254E-4E9A-B144-CC29EEF76A05}
	EndGlobalSection
EndGlobal
